
Microsoft Visual Studio Solution File, Format Version 12.00
# Visual Studio Version 16
VisualStudioVersion = 16.0.30114.105
MinimumVisualStudioVersion = 10.0.40219.1
Project("{FAE04EC0-301F-11D3-BF4B-00C04F79EFBC}") = "Technology", "Technology\Technology.csproj", "{0FAF3887-E919-4DBA-99C4-FA28D88C4F34}"
EndProject
Project("{FAE04EC0-301F-11D3-BF4B-00C04F79EFBC}") = "TechnologyTest", "TechnologyTest\TechnologyTest.csproj", "{0CF94D9F-A1AB-4600-A0A3-2B98A643C8A4}"
EndProject
Global
	GlobalSection(SolutionConfigurationPlatforms) = preSolution
		Debug|Any CPU = Debug|Any CPU
		Release|Any CPU = Release|Any CPU
	EndGlobalSection
	GlobalSection(ProjectConfigurationPlatforms) = postSolution
		{0FAF3887-E919-4DBA-99C4-FA28D88C4F34}.Debug|Any CPU.ActiveCfg = Debug|Any CPU
		{0FAF3887-E919-4DBA-99C4-FA28D88C4F34}.Debug|Any CPU.Build.0 = Debug|Any CPU
		{0FAF3887-E919-4DBA-99C4-FA28D88C4F34}.Release|Any CPU.ActiveCfg = Release|Any CPU
		{0FAF3887-E919-4DBA-99C4-FA28D88C4F34}.Release|Any CPU.Build.0 = Release|Any CPU
		{0CF94D9F-A1AB-4600-A0A3-2B98A643C8A4}.Debug|Any CPU.ActiveCfg = Debug|Any CPU
		{0CF94D9F-A1AB-4600-A0A3-2B98A643C8A4}.Debug|Any CPU.Build.0 = Debug|Any CPU
		{0CF94D9F-A1AB-4600-A0A3-2B98A643C8A4}.Release|Any CPU.ActiveCfg = Release|Any CPU
		{0CF94D9F-A1AB-4600-A0A3-2B98A643C8A4}.Release|Any CPU.Build.0 = Release|Any CPU
	EndGlobalSection
	GlobalSection(SolutionProperties) = preSolution
		HideSolutionNode = FALSE
	EndGlobalSection
	GlobalSection(ExtensibilityGlobals) = postSolution
		SolutionGuid = {7AE1DA9D-BC29-4784-B31C-A2002DBA140D}
	EndGlobalSection
EndGlobal
